# generated by rye
# use `rye lock` or `rye sync` to update this lockfile
#
# last locked with the following flags:
#   pre: false
#   features: []
#   all-features: false
#   with-sources: false
#   generate-hashes: false

-e file:.
aiohappyeyeballs==2.4.0
    # via aiohttp
aiohttp==3.10.5
    # via litellm
aiosignal==1.3.1
    # via aiohttp
annotated-types==0.7.0
    # via pydantic
anyio==4.4.0
    # via httpx
    # via openai
attrs==24.2.0
    # via aiohttp
    # via jsonschema
    # via referencing
blinker==1.8.2
    # via flask
certifi==2024.8.30
    # via httpcore
    # via httpx
    # via requests
charset-normalizer==3.3.2
    # via requests
click==8.1.7
    # via flask
    # via litellm
dagent==0.0.8
    # via dagent-backend
distro==1.9.0
    # via openai
filelock==3.16.1
    # via huggingface-hub
flask==3.0.3
    # via dagent-backend
    # via flask-cors
flask-cors==5.0.0
    # via dagent-backend
frozenlist==1.4.1
    # via aiohttp
    # via aiosignal
fsspec==2024.9.0
    # via huggingface-hub
h11==0.14.0
    # via httpcore
httpcore==1.0.5
    # via httpx
httpx==0.27.2
    # via openai
huggingface-hub==0.25.0
    # via tokenizers
idna==3.10
    # via anyio
    # via httpx
    # via requests
    # via yarl
importlib-metadata==8.5.0
    # via litellm
itsdangerous==2.2.0
    # via flask
jinja2==3.1.4
    # via flask
    # via litellm
jiter==0.5.0
    # via openai
jsonschema==4.23.0
    # via litellm
jsonschema-specifications==2023.12.1
    # via jsonschema
litellm==1.46.1
    # via dagent
markupsafe==2.1.5
    # via jinja2
    # via werkzeug
multidict==6.1.0
    # via aiohttp
    # via yarl
openai==1.46.0
    # via litellm
packaging==24.1
    # via huggingface-hub
pydantic==2.9.2
    # via litellm
    # via openai
pydantic-core==2.23.4
    # via pydantic
python-dotenv==1.0.1
    # via litellm
pyyaml==6.0.2
    # via huggingface-hub
referencing==0.35.1
    # via jsonschema
    # via jsonschema-specifications
regex==2024.9.11
    # via tiktoken
requests==2.32.3
    # via huggingface-hub
    # via litellm
    # via tiktoken
rpds-py==0.20.0
    # via jsonschema
    # via referencing
sniffio==1.3.1
    # via anyio
    # via httpx
    # via openai
tiktoken==0.7.0
    # via litellm
tokenizers==0.20.0
    # via litellm
tqdm==4.66.5
    # via huggingface-hub
    # via openai
typing-extensions==4.12.2
    # via huggingface-hub
    # via openai
    # via pydantic
    # via pydantic-core
urllib3==2.2.3
    # via requests
werkzeug==3.0.4
    # via flask
yarl==1.11.1
    # via aiohttp
zipp==3.20.2
    # via importlib-metadata
